
Microsoft Visual Studio Solution File, Format Version 12.00
# Visual Studio Version 16
VisualStudioVersion = 16.0.30011.22
MinimumVisualStudioVersion = 10.0.40219.1
Project("{FAE04EC0-301F-11D3-BF4B-00C04F79EFBC}") = "ConsoleTool", "ConsoleTool\ConsoleTool\ConsoleTool.csproj", "{3E565883-ADE7-4DFB-947C-2BBFBFFA3955}"
EndProject
Project("{FAE04EC0-301F-11D3-BF4B-00C04F79EFBC}") = "WebAspNetCore", "WebAspNetCore\WebAspNetCore\WebAspNetCore.csproj", "{3E164C56-26BD-476A-8F6F-C87E24DE5853}"
EndProject
Project("{2150E333-8FDC-42A3-9474-1A3956D46DE8}") = "myhaha", "myhaha", "{EF33C143-6FE8-4C85-9732-CB3F92D6621F}"
	ProjectSection(SolutionItems) = preProject
		TextFile1.txt = TextFile1.txt
	EndProjectSection
EndProject
Global
	GlobalSection(SolutionConfigurationPlatforms) = preSolution
		Debug|Any CPU = Debug|Any CPU
		Release|Any CPU = Release|Any CPU
	EndGlobalSection
	GlobalSection(ProjectConfigurationPlatforms) = postSolution
		{3E565883-ADE7-4DFB-947C-2BBFBFFA3955}.Debug|Any CPU.ActiveCfg = Debug|Any CPU
		{3E565883-ADE7-4DFB-947C-2BBFBFFA3955}.Debug|Any CPU.Build.0 = Debug|Any CPU
		{3E565883-ADE7-4DFB-947C-2BBFBFFA3955}.Release|Any CPU.ActiveCfg = Release|Any CPU
		{3E565883-ADE7-4DFB-947C-2BBFBFFA3955}.Release|Any CPU.Build.0 = Release|Any CPU
		{3E164C56-26BD-476A-8F6F-C87E24DE5853}.Debug|Any CPU.ActiveCfg = Debug|Any CPU
		{3E164C56-26BD-476A-8F6F-C87E24DE5853}.Debug|Any CPU.Build.0 = Debug|Any CPU
		{3E164C56-26BD-476A-8F6F-C87E24DE5853}.Release|Any CPU.ActiveCfg = Release|Any CPU
		{3E164C56-26BD-476A-8F6F-C87E24DE5853}.Release|Any CPU.Build.0 = Release|Any CPU
	EndGlobalSection
	GlobalSection(SolutionProperties) = preSolution
		HideSolutionNode = FALSE
	EndGlobalSection
	GlobalSection(ExtensibilityGlobals) = postSolution
		SolutionGuid = {3614D03D-5B7F-4321-B537-11B460AC5897}
	EndGlobalSection
EndGlobal
